// !$*UTF8*$!
{
	archiveVersion = 1;
	classes = {
	};
	objectVersion = 55;
	objects = {

/* Begin PBXBuildFile section */
		230C8655296332B300A3D376 /* MotionManager.swift in Sources */ = {isa = PBXBuildFile; fileRef = 230C8654296332B300A3D376 /* MotionManager.swift */; };
		230C8657296332BB00A3D376 /* ContentView.swift in Sources */ = {isa = PBXBuildFile; fileRef = 230C8656296332BB00A3D376 /* ContentView.swift */; };
		230C8659296332BE00A3D376 /* ViewModel.swift in Sources */ = {isa = PBXBuildFile; fileRef = 230C8658296332BE00A3D376 /* ViewModel.swift */; };
		230C86632963332E00A3D376 /* MultipeerClient in Frameworks */ = {isa = PBXBuildFile; productRef = 230C86622963332E00A3D376 /* MultipeerClient */; };
		5C5C239028B0942900EB737F /* iOSTests.swift in Sources */ = {isa = PBXBuildFile; fileRef = 5C5C238F28B0942900EB737F /* iOSTests.swift */; };
		5C99512028B089550026C4BF /* iOSApp.swift in Sources */ = {isa = PBXBuildFile; fileRef = 5C99511F28B089550026C4BF /* iOSApp.swift */; };
		5C99512428B089560026C4BF /* Assets.xcassets in Resources */ = {isa = PBXBuildFile; fileRef = 5C99512328B089560026C4BF /* Assets.xcassets */; };
		5C99512728B089560026C4BF /* Preview Assets.xcassets in Resources */ = {isa = PBXBuildFile; fileRef = 5C99512628B089560026C4BF /* Preview Assets.xcassets */; };
/* End PBXBuildFile section */

/* Begin PBXContainerItemProxy section */
		5C5C239128B0942900EB737F /* PBXContainerItemProxy */ = {
			isa = PBXContainerItemProxy;
			containerPortal = 5C99511428B089550026C4BF /* Project object */;
			proxyType = 1;
			remoteGlobalIDString = 5C99511B28B089550026C4BF;
			remoteInfo = iOS;
		};
/* End PBXContainerItemProxy section */

/* Begin PBXFileReference section */
		230C8654296332B300A3D376 /* MotionManager.swift */ = {isa = PBXFileReference; lastKnownFileType = sourcecode.swift; path = MotionManager.swift; sourceTree = "<group>"; };
		230C8656296332BB00A3D376 /* ContentView.swift */ = {isa = PBXFileReference; lastKnownFileType = sourcecode.swift; path = ContentView.swift; sourceTree = "<group>"; };
		230C8658296332BE00A3D376 /* ViewModel.swift */ = {isa = PBXFileReference; lastKnownFileType = sourcecode.swift; path = ViewModel.swift; sourceTree = "<group>"; };
		5C5AE9DF28B3DA2800912893 /* Info.plist */ = {isa = PBXFileReference; lastKnownFileType = text.plist; path = Info.plist; sourceTree = "<group>"; };
		5C5AE9E028B3DBA900912893 /* Info.plist */ = {isa = PBXFileReference; lastKnownFileType = text.plist; path = Info.plist; sourceTree = "<group>"; };
		5C5C238D28B0942900EB737F /* iOSTests.xctest */ = {isa = PBXFileReference; explicitFileType = wrapper.cfbundle; includeInIndex = 0; path = iOSTests.xctest; sourceTree = BUILT_PRODUCTS_DIR; };
		5C5C238F28B0942900EB737F /* iOSTests.swift */ = {isa = PBXFileReference; lastKnownFileType = sourcecode.swift; path = iOSTests.swift; sourceTree = "<group>"; };
		5C99511C28B089550026C4BF /* DeepOperateTool-iOS.app */ = {isa = PBXFileReference; explicitFileType = wrapper.application; includeInIndex = 0; path = "DeepOperateTool-iOS.app"; sourceTree = BUILT_PRODUCTS_DIR; };
		5C99511F28B089550026C4BF /* iOSApp.swift */ = {isa = PBXFileReference; lastKnownFileType = sourcecode.swift; path = iOSApp.swift; sourceTree = "<group>"; };
		5C99512328B089560026C4BF /* Assets.xcassets */ = {isa = PBXFileReference; lastKnownFileType = folder.assetcatalog; path = Assets.xcassets; sourceTree = "<group>"; };
		5C99512628B089560026C4BF /* Preview Assets.xcassets */ = {isa = PBXFileReference; lastKnownFileType = folder.assetcatalog; path = "Preview Assets.xcassets"; sourceTree = "<group>"; };
/* End PBXFileReference section */

/* Begin PBXFrameworksBuildPhase section */
		5C5C238A28B0942900EB737F /* Frameworks */ = {
			isa = PBXFrameworksBuildPhase;
			buildActionMask = 2147483647;
			files = (
			);
			runOnlyForDeploymentPostprocessing = 0;
		};
		5C99511928B089550026C4BF /* Frameworks */ = {
			isa = PBXFrameworksBuildPhase;
			buildActionMask = 2147483647;
			files = (
				230C86632963332E00A3D376 /* MultipeerClient in Frameworks */,
			);
			runOnlyForDeploymentPostprocessing = 0;
		};
/* End PBXFrameworksBuildPhase section */

/* Begin PBXGroup section */
		5C5C238428B08AC500EB737F /* Frameworks */ = {
			isa = PBXGroup;
			children = (
			);
			name = Frameworks;
			sourceTree = "<group>";
		};
		5C5C238E28B0942900EB737F /* iOSTests */ = {
			isa = PBXGroup;
			children = (
				5C5AE9DF28B3DA2800912893 /* Info.plist */,
				5C5C238F28B0942900EB737F /* iOSTests.swift */,
			);
			path = iOSTests;
			sourceTree = "<group>";
		};
		5C99511328B089550026C4BF = {
			isa = PBXGroup;
			children = (
				5C99511E28B089550026C4BF /* iOS */,
				5C5C238E28B0942900EB737F /* iOSTests */,
				5C99511D28B089550026C4BF /* Products */,
				5C5C238428B08AC500EB737F /* Frameworks */,
			);
			sourceTree = "<group>";
		};
		5C99511D28B089550026C4BF /* Products */ = {
			isa = PBXGroup;
			children = (
				5C99511C28B089550026C4BF /* DeepOperateTool-iOS.app */,
				5C5C238D28B0942900EB737F /* iOSTests.xctest */,
			);
			name = Products;
			sourceTree = "<group>";
		};
		5C99511E28B089550026C4BF /* iOS */ = {
			isa = PBXGroup;
			children = (
				230C8654296332B300A3D376 /* MotionManager.swift */,
				230C8656296332BB00A3D376 /* ContentView.swift */,
				230C8658296332BE00A3D376 /* ViewModel.swift */,
				5C5AE9E028B3DBA900912893 /* Info.plist */,
				5C99511F28B089550026C4BF /* iOSApp.swift */,
				5C99512328B089560026C4BF /* Assets.xcassets */,
				5C99512528B089560026C4BF /* Preview Content */,
			);
			path = iOS;
			sourceTree = "<group>";
		};
		5C99512528B089560026C4BF /* Preview Content */ = {
			isa = PBXGroup;
			children = (
				5C99512628B089560026C4BF /* Preview Assets.xcassets */,
			);
			path = "Preview Content";
			sourceTree = "<group>";
		};
/* End PBXGroup section */

/* Begin PBXNativeTarget section */
		5C5C238C28B0942900EB737F /* iOSTests */ = {
			isa = PBXNativeTarget;
			buildConfigurationList = 5C5C239528B0942900EB737F /* Build configuration list for PBXNativeTarget "iOSTests" */;
			buildPhases = (
				5C5C238928B0942900EB737F /* Sources */,
				5C5C238A28B0942900EB737F /* Frameworks */,
				5C5C238B28B0942900EB737F /* Resources */,
			);
			buildRules = (
			);
			dependencies = (
				5C5C239228B0942900EB737F /* PBXTargetDependency */,
			);
			name = iOSTests;
			productName = iOSTests;
			productReference = 5C5C238D28B0942900EB737F /* iOSTests.xctest */;
			productType = "com.apple.product-type.bundle.unit-test";
		};
		5C99511B28B089550026C4BF /* DeepOperateTool-iOS */ = {
			isa = PBXNativeTarget;
			buildConfigurationList = 5C99512A28B089560026C4BF /* Build configuration list for PBXNativeTarget "DeepOperateTool-iOS" */;
			buildPhases = (
				5C99511828B089550026C4BF /* Sources */,
				5C99511928B089550026C4BF /* Frameworks */,
				5C99511A28B089550026C4BF /* Resources */,
			);
			buildRules = (
			);
			dependencies = (
			);
			name = "DeepOperateTool-iOS";
			packageProductDependencies = (
				230C86622963332E00A3D376 /* MultipeerClient */,
			);
			productName = iOS;
			productReference = 5C99511C28B089550026C4BF /* DeepOperateTool-iOS.app */;
			productType = "com.apple.product-type.application";
		};
/* End PBXNativeTarget section */

/* Begin PBXProject section */
		5C99511428B089550026C4BF /* Project object */ = {
			isa = PBXProject;
			attributes = {
				BuildIndependentTargetsInParallel = 1;
				LastSwiftUpdateCheck = 1400;
				LastUpgradeCheck = 1330;
				TargetAttributes = {
					5C5C238C28B0942900EB737F = {
						CreatedOnToolsVersion = 14.0;
						TestTargetID = 5C99511B28B089550026C4BF;
					};
					5C99511B28B089550026C4BF = {
						CreatedOnToolsVersion = 13.3;
					};
				};
			};
			buildConfigurationList = 5C99511728B089550026C4BF /* Build configuration list for PBXProject "iOS" */;
			compatibilityVersion = "Xcode 13.0";
			developmentRegion = en;
			hasScannedForEncodings = 0;
			knownRegions = (
				en,
				Base,
			);
			mainGroup = 5C99511328B089550026C4BF;
			productRefGroup = 5C99511D28B089550026C4BF /* Products */;
			projectDirPath = "";
			projectRoot = "";
			targets = (
				5C99511B28B089550026C4BF /* DeepOperateTool-iOS */,
				5C5C238C28B0942900EB737F /* iOSTests */,
			);
		};
/* End PBXProject section */

/* Begin PBXResourcesBuildPhase section */
		5C5C238B28B0942900EB737F /* Resources */ = {
			isa = PBXResourcesBuildPhase;
			buildActionMask = 2147483647;
			files = (
			);
			runOnlyForDeploymentPostprocessing = 0;
		};
		5C99511A28B089550026C4BF /* Resources */ = {
			isa = PBXResourcesBuildPhase;
			buildActionMask = 2147483647;
			files = (
				5C99512728B089560026C4BF /* Preview Assets.xcassets in Resources */,
				5C99512428B089560026C4BF /* Assets.xcassets in Resources */,
			);
			runOnlyForDeploymentPostprocessing = 0;
		};
/* End PBXResourcesBuildPhase section */

/* Begin PBXSourcesBuildPhase section */
		5C5C238928B0942900EB737F /* Sources */ = {
			isa = PBXSourcesBuildPhase;
			buildActionMask = 2147483647;
			files = (
				5C5C239028B0942900EB737F /* iOSTests.swift in Sources */,
			);
			runOnlyForDeploymentPostprocessing = 0;
		};
		5C99511828B089550026C4BF /* Sources */ = {
			isa = PBXSourcesBuildPhase;
			buildActionMask = 2147483647;
			files = (
				5C99512028B089550026C4BF /* iOSApp.swift in Sources */,
				230C8655296332B300A3D376 /* MotionManager.swift in Sources */,
				230C8659296332BE00A3D376 /* ViewModel.swift in Sources */,
				230C8657296332BB00A3D376 /* ContentView.swift in Sources */,
			);
			runOnlyForDeploymentPostprocessing = 0;
		};
/* End PBXSourcesBuildPhase section */

/* Begin PBXTargetDependency section */
		5C5C239228B0942900EB737F /* PBXTargetDependency */ = {
			isa = PBXTargetDependency;
			target = 5C99511B28B089550026C4BF /* DeepOperateTool-iOS */;
			targetProxy = 5C5C239128B0942900EB737F /* PBXContainerItemProxy */;
		};
/* End PBXTargetDependency section */

/* Begin XCBuildConfiguration section */
		5C5C239328B0942900EB737F /* Debug */ = {
			isa = XCBuildConfiguration;
			buildSettings = {
				BUNDLE_LOADER = "$(TEST_HOST)";
				CLANG_CXX_LANGUAGE_STANDARD = "gnu++20";
				CODE_SIGN_STYLE = Automatic;
				CURRENT_PROJECT_VERSION = 1;
				DEVELOPMENT_TEAM = 7ZJJ7KR6WA;
				GENERATE_INFOPLIST_FILE = YES;
				INFOPLIST_FILE = iOSTests/Info.plist;
				INFOPLIST_KEY_NSLocalNetworkUsageDescription = "DeepOperateTool use Local Network to connect devices.";
				IPHONEOS_DEPLOYMENT_TARGET = 16.0;
				MARKETING_VERSION = 1.0;
				PRODUCT_BUNDLE_IDENTIFIER = "-com.me.n.rei.iOSTests";
				PRODUCT_NAME = "$(TARGET_NAME)";
				SWIFT_EMIT_LOC_STRINGS = NO;
				SWIFT_VERSION = 5.0;
				TARGETED_DEVICE_FAMILY = "1,2";
				TEST_HOST = "$(BUILT_PRODUCTS_DIR)/iOS.app/$(BUNDLE_EXECUTABLE_FOLDER_PATH)/iOS";
			};
			name = Debug;
		};
		5C5C239428B0942900EB737F /* Release */ = {
			isa = XCBuildConfiguration;
			buildSettings = {
				BUNDLE_LOADER = "$(TEST_HOST)";
				CLANG_CXX_LANGUAGE_STANDARD = "gnu++20";
				CODE_SIGN_STYLE = Automatic;
				CURRENT_PROJECT_VERSION = 1;
				DEVELOPMENT_TEAM = 7ZJJ7KR6WA;
				GENERATE_INFOPLIST_FILE = YES;
				INFOPLIST_FILE = iOSTests/Info.plist;
				INFOPLIST_KEY_NSLocalNetworkUsageDescription = "DeepOperateTool use Local Network to connect devices.";
				IPHONEOS_DEPLOYMENT_TARGET = 16.0;
				MARKETING_VERSION = 1.0;
				PRODUCT_BUNDLE_IDENTIFIER = "-com.me.n.rei.iOSTests";
				PRODUCT_NAME = "$(TARGET_NAME)";
				SWIFT_EMIT_LOC_STRINGS = NO;
				SWIFT_VERSION = 5.0;
				TARGETED_DEVICE_FAMILY = "1,2";
				TEST_HOST = "$(BUILT_PRODUCTS_DIR)/iOS.app/$(BUNDLE_EXECUTABLE_FOLDER_PATH)/iOS";
			};
			name = Release;
		};
		5C99512828B089560026C4BF /* Debug */ = {
			isa = XCBuildConfiguration;
			buildSettings = {
				ALWAYS_SEARCH_USER_PATHS = NO;
				CLANG_ANALYZER_NONNULL = YES;
				CLANG_ANALYZER_NUMBER_OBJECT_CONVERSION = YES_AGGRESSIVE;
				CLANG_CXX_LANGUAGE_STANDARD = "gnu++17";
				CLANG_ENABLE_MODULES = YES;
				CLANG_ENABLE_OBJC_ARC = YES;
				CLANG_ENABLE_OBJC_WEAK = YES;
				CLANG_WARN_BLOCK_CAPTURE_AUTORELEASING = YES;
				CLANG_WARN_BOOL_CONVERSION = YES;
				CLANG_WARN_COMMA = YES;
				CLANG_WARN_CONSTANT_CONVERSION = YES;
				CLANG_WARN_DEPRECATED_OBJC_IMPLEMENTATIONS = YES;
				CLANG_WARN_DIRECT_OBJC_ISA_USAGE = YES_ERROR;
				CLANG_WARN_DOCUMENTATION_COMMENTS = YES;
				CLANG_WARN_EMPTY_BODY = YES;
				CLANG_WARN_ENUM_CONVERSION = YES;
				CLANG_WARN_INFINITE_RECURSION = YES;
				CLANG_WARN_INT_CONVERSION = YES;
				CLANG_WARN_NON_LITERAL_NULL_CONVERSION = YES;
				CLANG_WARN_OBJC_IMPLICIT_RETAIN_SELF = YES;
				CLANG_WARN_OBJC_LITERAL_CONVERSION = YES;
				CLANG_WARN_OBJC_ROOT_CLASS = YES_ERROR;
				CLANG_WARN_QUOTED_INCLUDE_IN_FRAMEWORK_HEADER = YES;
				CLANG_WARN_RANGE_LOOP_ANALYSIS = YES;
				CLANG_WARN_STRICT_PROTOTYPES = YES;
				CLANG_WARN_SUSPICIOUS_MOVE = YES;
				CLANG_WARN_UNGUARDED_AVAILABILITY = YES_AGGRESSIVE;
				CLANG_WARN_UNREACHABLE_CODE = YES;
				CLANG_WARN__DUPLICATE_METHOD_MATCH = YES;
				COPY_PHASE_STRIP = NO;
				DEBUG_INFORMATION_FORMAT = dwarf;
				ENABLE_STRICT_OBJC_MSGSEND = YES;
				ENABLE_TESTABILITY = YES;
				GCC_C_LANGUAGE_STANDARD = gnu11;
				GCC_DYNAMIC_NO_PIC = NO;
				GCC_NO_COMMON_BLOCKS = YES;
				GCC_OPTIMIZATION_LEVEL = 0;
				GCC_PREPROCESSOR_DEFINITIONS = (
					"DEBUG=1",
					"$(inherited)",
				);
				GCC_WARN_64_TO_32_BIT_CONVERSION = YES;
				GCC_WARN_ABOUT_RETURN_TYPE = YES_ERROR;
				GCC_WARN_UNDECLARED_SELECTOR = YES;
				GCC_WARN_UNINITIALIZED_AUTOS = YES_AGGRESSIVE;
				GCC_WARN_UNUSED_FUNCTION = YES;
				GCC_WARN_UNUSED_VARIABLE = YES;
				IPHONEOS_DEPLOYMENT_TARGET = 15.4;
				MTL_ENABLE_DEBUG_INFO = INCLUDE_SOURCE;
				MTL_FAST_MATH = YES;
				ONLY_ACTIVE_ARCH = YES;
				SDKROOT = iphoneos;
				SWIFT_ACTIVE_COMPILATION_CONDITIONS = DEBUG;
				SWIFT_OPTIMIZATION_LEVEL = "-Onone";
			};
			name = Debug;
		};
		5C99512928B089560026C4BF /* Release */ = {
			isa = XCBuildConfiguration;
			buildSettings = {
				ALWAYS_SEARCH_USER_PATHS = NO;
				CLANG_ANALYZER_NONNULL = YES;
				CLANG_ANALYZER_NUMBER_OBJECT_CONVERSION = YES_AGGRESSIVE;
				CLANG_CXX_LANGUAGE_STANDARD = "gnu++17";
				CLANG_ENABLE_MODULES = YES;
				CLANG_ENABLE_OBJC_ARC = YES;
				CLANG_ENABLE_OBJC_WEAK = YES;
				CLANG_WARN_BLOCK_CAPTURE_AUTORELEASING = YES;
				CLANG_WARN_BOOL_CONVERSION = YES;
				CLANG_WARN_COMMA = YES;
				CLANG_WARN_CONSTANT_CONVERSION = YES;
				CLANG_WARN_DEPRECATED_OBJC_IMPLEMENTATIONS = YES;
				CLANG_WARN_DIRECT_OBJC_ISA_USAGE = YES_ERROR;
				CLANG_WARN_DOCUMENTATION_COMMENTS = YES;
				CLANG_WARN_EMPTY_BODY = YES;
				CLANG_WARN_ENUM_CONVERSION = YES;
				CLANG_WARN_INFINITE_RECURSION = YES;
				CLANG_WARN_INT_CONVERSION = YES;
				CLANG_WARN_NON_LITERAL_NULL_CONVERSION = YES;
				CLANG_WARN_OBJC_IMPLICIT_RETAIN_SELF = YES;
				CLANG_WARN_OBJC_LITERAL_CONVERSION = YES;
				CLANG_WARN_OBJC_ROOT_CLASS = YES_ERROR;
				CLANG_WARN_QUOTED_INCLUDE_IN_FRAMEWORK_HEADER = YES;
				CLANG_WARN_RANGE_LOOP_ANALYSIS = YES;
				CLANG_WARN_STRICT_PROTOTYPES = YES;
				CLANG_WARN_SUSPICIOUS_MOVE = YES;
				CLANG_WARN_UNGUARDED_AVAILABILITY = YES_AGGRESSIVE;
				CLANG_WARN_UNREACHABLE_CODE = YES;
				CLANG_WARN__DUPLICATE_METHOD_MATCH = YES;
				COPY_PHASE_STRIP = NO;
				DEBUG_INFORMATION_FORMAT = "dwarf-with-dsym";
				ENABLE_NS_ASSERTIONS = NO;
				ENABLE_STRICT_OBJC_MSGSEND = YES;
				GCC_C_LANGUAGE_STANDARD = gnu11;
				GCC_NO_COMMON_BLOCKS = YES;
				GCC_WARN_64_TO_32_BIT_CONVERSION = YES;
				GCC_WARN_ABOUT_RETURN_TYPE = YES_ERROR;
				GCC_WARN_UNDECLARED_SELECTOR = YES;
				GCC_WARN_UNINITIALIZED_AUTOS = YES_AGGRESSIVE;
				GCC_WARN_UNUSED_FUNCTION = YES;
				GCC_WARN_UNUSED_VARIABLE = YES;
				IPHONEOS_DEPLOYMENT_TARGET = 15.4;
				MTL_ENABLE_DEBUG_INFO = NO;
				MTL_FAST_MATH = YES;
				SDKROOT = iphoneos;
				SWIFT_COMPILATION_MODE = wholemodule;
				SWIFT_OPTIMIZATION_LEVEL = "-O";
				VALIDATE_PRODUCT = YES;
			};
			name = Release;
		};
		5C99512B28B089560026C4BF /* Debug */ = {
			isa = XCBuildConfiguration;
			buildSettings = {
				ASSETCATALOG_COMPILER_APPICON_NAME = AppIcon;
				ASSETCATALOG_COMPILER_GLOBAL_ACCENT_COLOR_NAME = AccentColor;
				CODE_SIGN_STYLE = Automatic;
				CURRENT_PROJECT_VERSION = 1;
				DEVELOPMENT_ASSET_PATHS = "\"iOS/Preview Content\"";
				DEVELOPMENT_TEAM = 7ZJJ7KR6WA;
				ENABLE_PREVIEWS = YES;
				GENERATE_INFOPLIST_FILE = YES;
				INFOPLIST_FILE = iOS/Info.plist;
				INFOPLIST_KEY_CFBundleDisplayName = "DeepOperateTool-iOS";
				INFOPLIST_KEY_NSLocalNetworkUsageDescription = "DeepOperateTool use Local Network to connect devices.";
				INFOPLIST_KEY_UIApplicationSceneManifest_Generation = YES;
				INFOPLIST_KEY_UIApplicationSupportsIndirectInputEvents = YES;
				INFOPLIST_KEY_UILaunchScreen_Generation = YES;
				INFOPLIST_KEY_UISupportedInterfaceOrientations_iPad = "UIInterfaceOrientationPortrait UIInterfaceOrientationPortraitUpsideDown UIInterfaceOrientationLandscapeLeft UIInterfaceOrientationLandscapeRight";
				INFOPLIST_KEY_UISupportedInterfaceOrientations_iPhone = "UIInterfaceOrientationPortrait UIInterfaceOrientationLandscapeLeft UIInterfaceOrientationLandscapeRight";
				LD_RUNPATH_SEARCH_PATHS = (
					"$(inherited)",
					"@executable_path/Frameworks",
				);
				MARKETING_VERSION = 1.0;
				PRODUCT_BUNDLE_IDENTIFIER = "-com.me.n.rei.iOS";
				PRODUCT_NAME = "$(TARGET_NAME)";
				SWIFT_EMIT_LOC_STRINGS = YES;
				SWIFT_VERSION = 5.0;
				TARGETED_DEVICE_FAMILY = "1,2";
			};
			name = Debug;
		};
		5C99512C28B089560026C4BF /* Release */ = {
			isa = XCBuildConfiguration;
			buildSettings = {
				ASSETCATALOG_COMPILER_APPICON_NAME = AppIcon;
				ASSETCATALOG_COMPILER_GLOBAL_ACCENT_COLOR_NAME = AccentColor;
				CODE_SIGN_STYLE = Automatic;
				CURRENT_PROJECT_VERSION = 1;
				DEVELOPMENT_ASSET_PATHS = "\"iOS/Preview Content\"";
				DEVELOPMENT_TEAM = 7ZJJ7KR6WA;
				ENABLE_PREVIEWS = YES;
				GENERATE_INFOPLIST_FILE = YES;
				INFOPLIST_FILE = iOS/Info.plist;
				INFOPLIST_KEY_CFBundleDisplayName = "DeepOperateTool-iOS";
				INFOPLIST_KEY_NSLocalNetworkUsageDescription = "DeepOperateTool use Local Network to connect devices.";
				INFOPLIST_KEY_UIApplicationSceneManifest_Generation = YES;
				INFOPLIST_KEY_UIApplicationSupportsIndirectInputEvents = YES;
				INFOPLIST_KEY_UILaunchScreen_Generation = YES;
				INFOPLIST_KEY_UISupportedInterfaceOrientations_iPad = "UIInterfaceOrientationPortrait UIInterfaceOrientationPortraitUpsideDown UIInterfaceOrientationLandscapeLeft UIInterfaceOrientationLandscapeRight";
				INFOPLIST_KEY_UISupportedInterfaceOrientations_iPhone = "UIInterfaceOrientationPortrait UIInterfaceOrientationLandscapeLeft UIInterfaceOrientationLandscapeRight";
				LD_RUNPATH_SEARCH_PATHS = (
					"$(inherited)",
					"@executable_path/Frameworks",
				);
				MARKETING_VERSION = 1.0;
				PRODUCT_BUNDLE_IDENTIFIER = "-com.me.n.rei.iOS";
				PRODUCT_NAME = "$(TARGET_NAME)";
				SWIFT_EMIT_LOC_STRINGS = YES;
				SWIFT_VERSION = 5.0;
				TARGETED_DEVICE_FAMILY = "1,2";
			};
			name = Release;
		};
/* End XCBuildConfiguration section */

/* Begin XCConfigurationList section */
		5C5C239528B0942900EB737F /* Build configuration list for PBXNativeTarget "iOSTests" */ = {
			isa = XCConfigurationList;
			buildConfigurations = (
				5C5C239328B0942900EB737F /* Debug */,
				5C5C239428B0942900EB737F /* Release */,
			);
			defaultConfigurationIsVisible = 0;
			defaultConfigurationName = Release;
		};
		5C99511728B089550026C4BF /* Build configuration list for PBXProject "iOS" */ = {
			isa = XCConfigurationList;
			buildConfigurations = (
				5C99512828B089560026C4BF /* Debug */,
				5C99512928B089560026C4BF /* Release */,
			);
			defaultConfigurationIsVisible = 0;
			defaultConfigurationName = Release;
		};
		5C99512A28B089560026C4BF /* Build configuration list for PBXNativeTarget "DeepOperateTool-iOS" */ = {
			isa = XCConfigurationList;
			buildConfigurations = (
				5C99512B28B089560026C4BF /* Debug */,
				5C99512C28B089560026C4BF /* Release */,
			);
			defaultConfigurationIsVisible = 0;
			defaultConfigurationName = Release;
		};
/* End XCConfigurationList section */

/* Begin XCSwiftPackageProductDependency section */
		230C86622963332E00A3D376 /* MultipeerClient */ = {
			isa = XCSwiftPackageProductDependency;
			productName = MultipeerClient;
		};
/* End XCSwiftPackageProductDependency section */
	};
	rootObject = 5C99511428B089550026C4BF /* Project object */;
}
